
Microsoft Visual Studio Solution File, Format Version 12.00
# Visual Studio 15
VisualStudioVersion = 15.0.28010.2003
MinimumVisualStudioVersion = 10.0.40219.1
Project("{FAE04EC0-301F-11D3-BF4B-00C04F79EFBC}") = "webapp", "webapp\webapp.csproj", "{1B546687-0937-47B9-B54A-F7E85E6E62C4}"
EndProject
Project("{2150E333-8FDC-42A3-9474-1A3956D46DE8}") = "services", "services", "{180A63B0-F036-410D-9F4D-BDB23855776B}"
EndProject
Project("{2150E333-8FDC-42A3-9474-1A3956D46DE8}") = "test", "test", "{CD2C22F5-A377-49A1-B14C-B8FE85C2F6DD}"
EndProject
Project("{FAE04EC0-301F-11D3-BF4B-00C04F79EFBC}") = "WebTest", "WebTest\WebTest.csproj", "{3664E556-5615-41D9-AD19-7FFB2E6946F8}"
EndProject
Project("{2150E333-8FDC-42A3-9474-1A3956D46DE8}") = "integration", "integration", "{5CE3CB1C-745E-46DE-BA6B-9D61E78C894F}"
EndProject
Project("{2150E333-8FDC-42A3-9474-1A3956D46DE8}") = "data", "data", "{28DF9E38-F1E4-4259-95F3-EEE7DAC67C97}"
EndProject
Project("{FAE04EC0-301F-11D3-BF4B-00C04F79EFBC}") = "BusinessObjects", "BusinessObjects\BusinessObjects.csproj", "{175FA786-AFB7-4BC7-BB6A-BA99B1AB151F}"
EndProject
Project("{FAE04EC0-301F-11D3-BF4B-00C04F79EFBC}") = "LoginObjects", "LoginObjects\LoginObjects.csproj", "{4D775DC8-BADA-4485-8560-4ED8CD2F1C89}"
EndProject
Project("{2150E333-8FDC-42A3-9474-1A3956D46DE8}") = "utilities", "utilities", "{F27033F2-2CD5-44DC-A471-FAAD2825E7D7}"
EndProject
Project("{FAE04EC0-301F-11D3-BF4B-00C04F79EFBC}") = "UtilitiesLibrary", "UtilitiesLibrary\UtilitiesLibrary.csproj", "{E5B8B595-31CA-4FD5-837F-77C79D7E4502}"
EndProject
Project("{FAE04EC0-301F-11D3-BF4B-00C04F79EFBC}") = "Services", "RestServices\Services.csproj", "{40FF2D1F-FD22-4DF6-B3F1-4B99251F2C2A}"
EndProject
Project("{FAE04EC0-301F-11D3-BF4B-00C04F79EFBC}") = "UtilitiesObjects", "UtilitiesProject\UtilitiesObjects.csproj", "{61D77DF7-B459-4F0D-B16D-F4B284DCAC7C}"
EndProject
Project("{2150E333-8FDC-42A3-9474-1A3956D46DE8}") = "adapters", "adapters", "{FECAC12B-A925-4162-8E24-160FA4F4C24D}"
EndProject
Project("{FAE04EC0-301F-11D3-BF4B-00C04F79EFBC}") = "JsonAdapters", "JsonAdapters\JsonAdapters.csproj", "{11600E5F-98F7-48E0-98C8-5479A454A16C}"
EndProject
Global
	GlobalSection(SolutionConfigurationPlatforms) = preSolution
		Debug|Any CPU = Debug|Any CPU
		Release|Any CPU = Release|Any CPU
	EndGlobalSection
	GlobalSection(ProjectConfigurationPlatforms) = postSolution
		{1B546687-0937-47B9-B54A-F7E85E6E62C4}.Debug|Any CPU.ActiveCfg = Debug|Any CPU
		{1B546687-0937-47B9-B54A-F7E85E6E62C4}.Debug|Any CPU.Build.0 = Debug|Any CPU
		{1B546687-0937-47B9-B54A-F7E85E6E62C4}.Release|Any CPU.ActiveCfg = Release|Any CPU
		{1B546687-0937-47B9-B54A-F7E85E6E62C4}.Release|Any CPU.Build.0 = Release|Any CPU
		{3664E556-5615-41D9-AD19-7FFB2E6946F8}.Debug|Any CPU.ActiveCfg = Debug|Any CPU
		{3664E556-5615-41D9-AD19-7FFB2E6946F8}.Debug|Any CPU.Build.0 = Debug|Any CPU
		{3664E556-5615-41D9-AD19-7FFB2E6946F8}.Release|Any CPU.ActiveCfg = Release|Any CPU
		{3664E556-5615-41D9-AD19-7FFB2E6946F8}.Release|Any CPU.Build.0 = Release|Any CPU
		{175FA786-AFB7-4BC7-BB6A-BA99B1AB151F}.Debug|Any CPU.ActiveCfg = Debug|Any CPU
		{175FA786-AFB7-4BC7-BB6A-BA99B1AB151F}.Debug|Any CPU.Build.0 = Debug|Any CPU
		{175FA786-AFB7-4BC7-BB6A-BA99B1AB151F}.Release|Any CPU.ActiveCfg = Release|Any CPU
		{175FA786-AFB7-4BC7-BB6A-BA99B1AB151F}.Release|Any CPU.Build.0 = Release|Any CPU
		{4D775DC8-BADA-4485-8560-4ED8CD2F1C89}.Debug|Any CPU.ActiveCfg = Debug|Any CPU
		{4D775DC8-BADA-4485-8560-4ED8CD2F1C89}.Debug|Any CPU.Build.0 = Debug|Any CPU
		{4D775DC8-BADA-4485-8560-4ED8CD2F1C89}.Release|Any CPU.ActiveCfg = Release|Any CPU
		{4D775DC8-BADA-4485-8560-4ED8CD2F1C89}.Release|Any CPU.Build.0 = Release|Any CPU
		{E5B8B595-31CA-4FD5-837F-77C79D7E4502}.Debug|Any CPU.ActiveCfg = Debug|Any CPU
		{E5B8B595-31CA-4FD5-837F-77C79D7E4502}.Debug|Any CPU.Build.0 = Debug|Any CPU
		{E5B8B595-31CA-4FD5-837F-77C79D7E4502}.Release|Any CPU.ActiveCfg = Release|Any CPU
		{E5B8B595-31CA-4FD5-837F-77C79D7E4502}.Release|Any CPU.Build.0 = Release|Any CPU
		{40FF2D1F-FD22-4DF6-B3F1-4B99251F2C2A}.Debug|Any CPU.ActiveCfg = Debug|Any CPU
		{40FF2D1F-FD22-4DF6-B3F1-4B99251F2C2A}.Debug|Any CPU.Build.0 = Debug|Any CPU
		{40FF2D1F-FD22-4DF6-B3F1-4B99251F2C2A}.Release|Any CPU.ActiveCfg = Release|Any CPU
		{40FF2D1F-FD22-4DF6-B3F1-4B99251F2C2A}.Release|Any CPU.Build.0 = Release|Any CPU
		{61D77DF7-B459-4F0D-B16D-F4B284DCAC7C}.Debug|Any CPU.ActiveCfg = Debug|Any CPU
		{61D77DF7-B459-4F0D-B16D-F4B284DCAC7C}.Debug|Any CPU.Build.0 = Debug|Any CPU
		{61D77DF7-B459-4F0D-B16D-F4B284DCAC7C}.Release|Any CPU.ActiveCfg = Release|Any CPU
		{61D77DF7-B459-4F0D-B16D-F4B284DCAC7C}.Release|Any CPU.Build.0 = Release|Any CPU
		{11600E5F-98F7-48E0-98C8-5479A454A16C}.Debug|Any CPU.ActiveCfg = Debug|Any CPU
		{11600E5F-98F7-48E0-98C8-5479A454A16C}.Debug|Any CPU.Build.0 = Debug|Any CPU
		{11600E5F-98F7-48E0-98C8-5479A454A16C}.Release|Any CPU.ActiveCfg = Release|Any CPU
		{11600E5F-98F7-48E0-98C8-5479A454A16C}.Release|Any CPU.Build.0 = Release|Any CPU
	EndGlobalSection
	GlobalSection(SolutionProperties) = preSolution
		HideSolutionNode = FALSE
	EndGlobalSection
	GlobalSection(NestedProjects) = preSolution
		{CD2C22F5-A377-49A1-B14C-B8FE85C2F6DD} = {180A63B0-F036-410D-9F4D-BDB23855776B}
		{3664E556-5615-41D9-AD19-7FFB2E6946F8} = {CD2C22F5-A377-49A1-B14C-B8FE85C2F6DD}
		{175FA786-AFB7-4BC7-BB6A-BA99B1AB151F} = {28DF9E38-F1E4-4259-95F3-EEE7DAC67C97}
		{4D775DC8-BADA-4485-8560-4ED8CD2F1C89} = {28DF9E38-F1E4-4259-95F3-EEE7DAC67C97}
		{E5B8B595-31CA-4FD5-837F-77C79D7E4502} = {F27033F2-2CD5-44DC-A471-FAAD2825E7D7}
		{40FF2D1F-FD22-4DF6-B3F1-4B99251F2C2A} = {5CE3CB1C-745E-46DE-BA6B-9D61E78C894F}
		{61D77DF7-B459-4F0D-B16D-F4B284DCAC7C} = {28DF9E38-F1E4-4259-95F3-EEE7DAC67C97}
		{11600E5F-98F7-48E0-98C8-5479A454A16C} = {FECAC12B-A925-4162-8E24-160FA4F4C24D}
	EndGlobalSection
	GlobalSection(ExtensibilityGlobals) = postSolution
		SolutionGuid = {A203FAD0-6A6F-45BF-961D-A8785D918F72}
	EndGlobalSection
EndGlobal
