
Microsoft Visual Studio Solution File, Format Version 12.00
# Visual Studio 15
VisualStudioVersion = 15.0.28010.2003
MinimumVisualStudioVersion = 10.0.40219.1
Project("{FAE04EC0-301F-11D3-BF4B-00C04F79EFBC}") = "webapp", "webapp\webapp.csproj", "{1B546687-0937-47B9-B54A-F7E85E6E62C4}"
EndProject
Project("{2150E333-8FDC-42A3-9474-1A3956D46DE8}") = "services", "services", "{180A63B0-F036-410D-9F4D-BDB23855776B}"
EndProject
Project("{9A19103F-16F7-4668-BE54-9A1E7A4F7556}") = "OMS-Business-manage-campaigns", "OMS-Business-manage-campaigns\OMS-Business-manage-campaigns.csproj", "{D3402761-F7BB-4118-9D4C-17D5D7D6164C}"
EndProject
Project("{2150E333-8FDC-42A3-9474-1A3956D46DE8}") = "data", "data", "{7DDD9A2F-3C4F-480A-9DDA-F1B60241262E}"
EndProject
Project("{FAE04EC0-301F-11D3-BF4B-00C04F79EFBC}") = "DAL", "DAL\DAL.csproj", "{23C52337-69FB-40E9-91C2-A852733ED0D1}"
EndProject
Project("{2150E333-8FDC-42A3-9474-1A3956D46DE8}") = "business", "business", "{A406B091-8EA6-4CA2-9C3A-56893765E41E}"
EndProject
Project("{FAE04EC0-301F-11D3-BF4B-00C04F79EFBC}") = "BAL", "BAL\BAL.csproj", "{E8C46AD9-AB61-4BBA-BD25-35EAF7800A80}"
EndProject
Project("{2150E333-8FDC-42A3-9474-1A3956D46DE8}") = "test", "test", "{CD2C22F5-A377-49A1-B14C-B8FE85C2F6DD}"
EndProject
Project("{FAE04EC0-301F-11D3-BF4B-00C04F79EFBC}") = "WebTest", "WebTest\WebTest.csproj", "{3664E556-5615-41D9-AD19-7FFB2E6946F8}"
EndProject
Global
	GlobalSection(SolutionConfigurationPlatforms) = preSolution
		Debug|Any CPU = Debug|Any CPU
		Release|Any CPU = Release|Any CPU
	EndGlobalSection
	GlobalSection(ProjectConfigurationPlatforms) = postSolution
		{1B546687-0937-47B9-B54A-F7E85E6E62C4}.Debug|Any CPU.ActiveCfg = Debug|Any CPU
		{1B546687-0937-47B9-B54A-F7E85E6E62C4}.Debug|Any CPU.Build.0 = Debug|Any CPU
		{1B546687-0937-47B9-B54A-F7E85E6E62C4}.Release|Any CPU.ActiveCfg = Release|Any CPU
		{1B546687-0937-47B9-B54A-F7E85E6E62C4}.Release|Any CPU.Build.0 = Release|Any CPU
		{D3402761-F7BB-4118-9D4C-17D5D7D6164C}.Debug|Any CPU.ActiveCfg = Debug|Any CPU
		{D3402761-F7BB-4118-9D4C-17D5D7D6164C}.Debug|Any CPU.Build.0 = Debug|Any CPU
		{D3402761-F7BB-4118-9D4C-17D5D7D6164C}.Release|Any CPU.ActiveCfg = Release|Any CPU
		{D3402761-F7BB-4118-9D4C-17D5D7D6164C}.Release|Any CPU.Build.0 = Release|Any CPU
		{23C52337-69FB-40E9-91C2-A852733ED0D1}.Debug|Any CPU.ActiveCfg = Debug|Any CPU
		{23C52337-69FB-40E9-91C2-A852733ED0D1}.Debug|Any CPU.Build.0 = Debug|Any CPU
		{23C52337-69FB-40E9-91C2-A852733ED0D1}.Release|Any CPU.ActiveCfg = Release|Any CPU
		{23C52337-69FB-40E9-91C2-A852733ED0D1}.Release|Any CPU.Build.0 = Release|Any CPU
		{E8C46AD9-AB61-4BBA-BD25-35EAF7800A80}.Debug|Any CPU.ActiveCfg = Debug|Any CPU
		{E8C46AD9-AB61-4BBA-BD25-35EAF7800A80}.Debug|Any CPU.Build.0 = Debug|Any CPU
		{E8C46AD9-AB61-4BBA-BD25-35EAF7800A80}.Release|Any CPU.ActiveCfg = Release|Any CPU
		{E8C46AD9-AB61-4BBA-BD25-35EAF7800A80}.Release|Any CPU.Build.0 = Release|Any CPU
		{3664E556-5615-41D9-AD19-7FFB2E6946F8}.Debug|Any CPU.ActiveCfg = Debug|Any CPU
		{3664E556-5615-41D9-AD19-7FFB2E6946F8}.Debug|Any CPU.Build.0 = Debug|Any CPU
		{3664E556-5615-41D9-AD19-7FFB2E6946F8}.Release|Any CPU.ActiveCfg = Release|Any CPU
		{3664E556-5615-41D9-AD19-7FFB2E6946F8}.Release|Any CPU.Build.0 = Release|Any CPU
	EndGlobalSection
	GlobalSection(SolutionProperties) = preSolution
		HideSolutionNode = FALSE
	EndGlobalSection
	GlobalSection(NestedProjects) = preSolution
		{D3402761-F7BB-4118-9D4C-17D5D7D6164C} = {180A63B0-F036-410D-9F4D-BDB23855776B}
		{23C52337-69FB-40E9-91C2-A852733ED0D1} = {7DDD9A2F-3C4F-480A-9DDA-F1B60241262E}
		{E8C46AD9-AB61-4BBA-BD25-35EAF7800A80} = {A406B091-8EA6-4CA2-9C3A-56893765E41E}
		{3664E556-5615-41D9-AD19-7FFB2E6946F8} = {CD2C22F5-A377-49A1-B14C-B8FE85C2F6DD}
	EndGlobalSection
	GlobalSection(ExtensibilityGlobals) = postSolution
		SolutionGuid = {A203FAD0-6A6F-45BF-961D-A8785D918F72}
	EndGlobalSection
EndGlobal
